
Microsoft Visual Studio Solution File, Format Version 12.00
# Visual Studio Version 16
VisualStudioVersion = 16.0.31005.135
MinimumVisualStudioVersion = 10.0.40219.1
Project("{FAE04EC0-301F-11D3-BF4B-00C04F79EFBC}") = "ObjToAtari", "ObjToAtari\ObjToAtari.csproj", "{688685C1-B35C-4ACA-8A43-81DB507CE1DE}"
EndProject
Global
	GlobalSection(SolutionConfigurationPlatforms) = preSolution
		Debug|Any CPU = Debug|Any CPU
		Release|Any CPU = Release|Any CPU
	EndGlobalSection
	GlobalSection(ProjectConfigurationPlatforms) = postSolution
		{688685C1-B35C-4ACA-8A43-81DB507CE1DE}.Debug|Any CPU.ActiveCfg = Debug|Any CPU
		{688685C1-B35C-4ACA-8A43-81DB507CE1DE}.Debug|Any CPU.Build.0 = Debug|Any CPU
		{688685C1-B35C-4ACA-8A43-81DB507CE1DE}.Release|Any CPU.ActiveCfg = Release|Any CPU
		{688685C1-B35C-4ACA-8A43-81DB507CE1DE}.Release|Any CPU.Build.0 = Release|Any CPU
	EndGlobalSection
	GlobalSection(SolutionProperties) = preSolution
		HideSolutionNode = FALSE
	EndGlobalSection
	GlobalSection(ExtensibilityGlobals) = postSolution
		SolutionGuid = {B7FF9C25-E2A1-45C7-B730-E536AE061CF9}
	EndGlobalSection
EndGlobal
